
Microsoft Visual Studio Solution File, Format Version 12.00
# Visual Studio 15
VisualStudioVersion = 15.0.27130.2036
MinimumVisualStudioVersion = 10.0.40219.1
Project("{FAE04EC0-301F-11D3-BF4B-00C04F79EFBC}") = "ffxivRando", "ffxivRando\ffxivRando.csproj", "{418960B3-60F2-411B-84CC-E38580AF0A71}"
EndProject
Global
	GlobalSection(SolutionConfigurationPlatforms) = preSolution
		Debug|Any CPU = Debug|Any CPU
		Release|Any CPU = Release|Any CPU
	EndGlobalSection
	GlobalSection(ProjectConfigurationPlatforms) = postSolution
		{418960B3-60F2-411B-84CC-E38580AF0A71}.Debug|Any CPU.ActiveCfg = Debug|Any CPU
		{418960B3-60F2-411B-84CC-E38580AF0A71}.Debug|Any CPU.Build.0 = Debug|Any CPU
		{418960B3-60F2-411B-84CC-E38580AF0A71}.Release|Any CPU.ActiveCfg = Release|Any CPU
		{418960B3-60F2-411B-84CC-E38580AF0A71}.Release|Any CPU.Build.0 = Release|Any CPU
	EndGlobalSection
	GlobalSection(SolutionProperties) = preSolution
		HideSolutionNode = FALSE
	EndGlobalSection
	GlobalSection(ExtensibilityGlobals) = postSolution
		SolutionGuid = {3D5111B7-C3D1-4A73-917B-77A01637ABBF}
	EndGlobalSection
EndGlobal
